{
  "pins" : [
    {
      "identity" : "fac_common",
      "kind" : "remoteSourceControl",
      "location" : "https://github.com/Willowrod/FAC_Common.git",
      "state" : {
        "revision" : "cf70d84b87f7407e585eabaf63508f11230d0ee5",
        "version" : "0.1.0"
      }
    }
  ],
  "version" : 2
}
